
Microsoft Visual Studio Solution File, Format Version 12.00
# Visual Studio Version 17
VisualStudioVersion = 17.3.32825.248
MinimumVisualStudioVersion = 10.0.40219.1
Project("{FAE04EC0-301F-11D3-BF4B-00C04F79EFBC}") = "CrazyMouse", "CrazyMouse\CrazyMouse.csproj", "{D2269020-E24B-43A5-9AC0-9B4286911AEE}"
EndProject
Global
	GlobalSection(SolutionConfigurationPlatforms) = preSolution
		Debug|Any CPU = Debug|Any CPU
		Release|Any CPU = Release|Any CPU
	EndGlobalSection
	GlobalSection(ProjectConfigurationPlatforms) = postSolution
		{D2269020-E24B-43A5-9AC0-9B4286911AEE}.Debug|Any CPU.ActiveCfg = Debug|Any CPU
		{D2269020-E24B-43A5-9AC0-9B4286911AEE}.Debug|Any CPU.Build.0 = Debug|Any CPU
		{D2269020-E24B-43A5-9AC0-9B4286911AEE}.Release|Any CPU.ActiveCfg = Release|Any CPU
		{D2269020-E24B-43A5-9AC0-9B4286911AEE}.Release|Any CPU.Build.0 = Release|Any CPU
	EndGlobalSection
	GlobalSection(SolutionProperties) = preSolution
		HideSolutionNode = FALSE
	EndGlobalSection
	GlobalSection(ExtensibilityGlobals) = postSolution
		SolutionGuid = {8B24ED9A-CE02-4987-8491-01769762FF4C}
	EndGlobalSection
EndGlobal
